
Microsoft Visual Studio Solution File, Format Version 12.00
# Visual Studio 14
VisualStudioVersion = 14.0.23107.0
MinimumVisualStudioVersion = 10.0.40219.1
Project("{8BC9CEB8-8B4A-11D0-8D11-00A0C91BC942}") = "detexam", "detexam.vcxproj", "{6CE9090C-04DC-7E4E-7467-F305FA21EF94}"
EndProject
Project("{8BC9CEB8-8B4A-11D0-8D11-00A0C91BC942}") = "odexam", "odexam.vcxproj", "{9E9CADB9-BFA1-6178-7679-6BB8495565A5}"
EndProject
Project("{8BC9CEB8-8B4A-11D0-8D11-00A0C91BC942}") = "powexam", "powexam.vcxproj", "{1098784F-EC9E-ABB1-82E1-E06ABFF7478F}"
EndProject
Project("{8BC9CEB8-8B4A-11D0-8D11-00A0C91BC942}") = "speelpenning", "speelpenning.vcxproj", "{93451EA1-D8E6-FE67-0D00-5E591FEE771C}"
EndProject
Project("{8BC9CEB8-8B4A-11D0-8D11-00A0C91BC942}") = "tapeless_scalar", "tapeless_scalar.vcxproj", "{5BBECE46-5467-9A31-7E5E-3DBBA59C611F}"
EndProject
Project("{8BC9CEB8-8B4A-11D0-8D11-00A0C91BC942}") = "tapeless_vector", "tapeless_vector.vcxproj", "{869E4942-ABB6-64D9-910C-7127B9BD4C17}"
EndProject
Global
	GlobalSection(SolutionConfigurationPlatforms) = preSolution
		nosparse|Win32 = nosparse|Win32
		nosparse|x64 = nosparse|x64
		sparse|Win32 = sparse|Win32
		sparse|x64 = sparse|x64
	EndGlobalSection
	GlobalSection(ProjectConfigurationPlatforms) = postSolution
		{6CE9090C-04DC-7E4E-7467-F305FA21EF94}.nosparse|Win32.ActiveCfg = nosparse|Win32
		{6CE9090C-04DC-7E4E-7467-F305FA21EF94}.nosparse|Win32.Build.0 = nosparse|Win32
		{6CE9090C-04DC-7E4E-7467-F305FA21EF94}.nosparse|x64.ActiveCfg = nosparse|x64
		{6CE9090C-04DC-7E4E-7467-F305FA21EF94}.nosparse|x64.Build.0 = nosparse|x64
		{6CE9090C-04DC-7E4E-7467-F305FA21EF94}.sparse|Win32.ActiveCfg = sparse|Win32
		{6CE9090C-04DC-7E4E-7467-F305FA21EF94}.sparse|Win32.Build.0 = sparse|Win32
		{6CE9090C-04DC-7E4E-7467-F305FA21EF94}.sparse|x64.ActiveCfg = sparse|x64
		{6CE9090C-04DC-7E4E-7467-F305FA21EF94}.sparse|x64.Build.0 = sparse|x64
		{9E9CADB9-BFA1-6178-7679-6BB8495565A5}.nosparse|Win32.ActiveCfg = nosparse|Win32
		{9E9CADB9-BFA1-6178-7679-6BB8495565A5}.nosparse|Win32.Build.0 = nosparse|Win32
		{9E9CADB9-BFA1-6178-7679-6BB8495565A5}.nosparse|x64.ActiveCfg = nosparse|x64
		{9E9CADB9-BFA1-6178-7679-6BB8495565A5}.nosparse|x64.Build.0 = nosparse|x64
		{9E9CADB9-BFA1-6178-7679-6BB8495565A5}.sparse|Win32.ActiveCfg = sparse|Win32
		{9E9CADB9-BFA1-6178-7679-6BB8495565A5}.sparse|Win32.Build.0 = sparse|Win32
		{9E9CADB9-BFA1-6178-7679-6BB8495565A5}.sparse|x64.ActiveCfg = sparse|x64
		{9E9CADB9-BFA1-6178-7679-6BB8495565A5}.sparse|x64.Build.0 = sparse|x64
		{1098784F-EC9E-ABB1-82E1-E06ABFF7478F}.nosparse|Win32.ActiveCfg = nosparse|Win32
		{1098784F-EC9E-ABB1-82E1-E06ABFF7478F}.nosparse|Win32.Build.0 = nosparse|Win32
		{1098784F-EC9E-ABB1-82E1-E06ABFF7478F}.nosparse|x64.ActiveCfg = nosparse|x64
		{1098784F-EC9E-ABB1-82E1-E06ABFF7478F}.nosparse|x64.Build.0 = nosparse|x64
		{1098784F-EC9E-ABB1-82E1-E06ABFF7478F}.sparse|Win32.ActiveCfg = sparse|Win32
		{1098784F-EC9E-ABB1-82E1-E06ABFF7478F}.sparse|Win32.Build.0 = sparse|Win32
		{1098784F-EC9E-ABB1-82E1-E06ABFF7478F}.sparse|x64.ActiveCfg = sparse|x64
		{1098784F-EC9E-ABB1-82E1-E06ABFF7478F}.sparse|x64.Build.0 = sparse|x64
		{93451EA1-D8E6-FE67-0D00-5E591FEE771C}.nosparse|Win32.ActiveCfg = nosparse|Win32
		{93451EA1-D8E6-FE67-0D00-5E591FEE771C}.nosparse|Win32.Build.0 = nosparse|Win32
		{93451EA1-D8E6-FE67-0D00-5E591FEE771C}.nosparse|x64.ActiveCfg = nosparse|x64
		{93451EA1-D8E6-FE67-0D00-5E591FEE771C}.nosparse|x64.Build.0 = nosparse|x64
		{93451EA1-D8E6-FE67-0D00-5E591FEE771C}.sparse|Win32.ActiveCfg = sparse|Win32
		{93451EA1-D8E6-FE67-0D00-5E591FEE771C}.sparse|Win32.Build.0 = sparse|Win32
		{93451EA1-D8E6-FE67-0D00-5E591FEE771C}.sparse|x64.ActiveCfg = sparse|x64
		{93451EA1-D8E6-FE67-0D00-5E591FEE771C}.sparse|x64.Build.0 = sparse|x64
		{5BBECE46-5467-9A31-7E5E-3DBBA59C611F}.nosparse|Win32.ActiveCfg = nosparse|Win32
		{5BBECE46-5467-9A31-7E5E-3DBBA59C611F}.nosparse|Win32.Build.0 = nosparse|Win32
		{5BBECE46-5467-9A31-7E5E-3DBBA59C611F}.nosparse|x64.ActiveCfg = nosparse|x64
		{5BBECE46-5467-9A31-7E5E-3DBBA59C611F}.nosparse|x64.Build.0 = nosparse|x64
		{5BBECE46-5467-9A31-7E5E-3DBBA59C611F}.sparse|Win32.ActiveCfg = sparse|Win32
		{5BBECE46-5467-9A31-7E5E-3DBBA59C611F}.sparse|Win32.Build.0 = sparse|Win32
		{5BBECE46-5467-9A31-7E5E-3DBBA59C611F}.sparse|x64.ActiveCfg = sparse|x64
		{5BBECE46-5467-9A31-7E5E-3DBBA59C611F}.sparse|x64.Build.0 = sparse|x64
		{869E4942-ABB6-64D9-910C-7127B9BD4C17}.nosparse|Win32.ActiveCfg = nosparse|Win32
		{869E4942-ABB6-64D9-910C-7127B9BD4C17}.nosparse|Win32.Build.0 = nosparse|Win32
		{869E4942-ABB6-64D9-910C-7127B9BD4C17}.nosparse|x64.ActiveCfg = nosparse|x64
		{869E4942-ABB6-64D9-910C-7127B9BD4C17}.nosparse|x64.Build.0 = nosparse|x64
		{869E4942-ABB6-64D9-910C-7127B9BD4C17}.sparse|Win32.ActiveCfg = sparse|Win32
		{869E4942-ABB6-64D9-910C-7127B9BD4C17}.sparse|Win32.Build.0 = sparse|Win32
		{869E4942-ABB6-64D9-910C-7127B9BD4C17}.sparse|x64.ActiveCfg = sparse|x64
		{869E4942-ABB6-64D9-910C-7127B9BD4C17}.sparse|x64.Build.0 = sparse|x64
	EndGlobalSection
	GlobalSection(SolutionProperties) = preSolution
		HideSolutionNode = FALSE
	EndGlobalSection
EndGlobal
